{
    "hash": "345cb3cb820c8a1b21718ad811c9d781",
    "packages": [
        {
            "package": "desarrolla2/cache",
            "version": "dev-master",
            "source-reference": "55f33af1db965114c251e0eab12df1af31e6ba6c",
            "commit-date": "1349370819"
        },
        {
            "package": "desarrolla2/rss-client",
            "version": "dev-master",
            "source-reference": "42ead69c2bfd4b293e0c41157b35f41e4c176ae8",
            "commit-date": "1349348653"
        },
        {
            "package": "ezyang/htmlpurifier",
            "version": "dev-master",
            "source-reference": "8a8b123d3322d24d77114dfa767a5eafbe9ff24b",
            "commit-date": "1347811906"
        }
    ],
    "packages-dev": null,
    "aliases": [

    ],
    "minimum-stability": "dev",
    "stability-flags": {
        "desarrolla2/rss-client": 20
    }
}
